// !$*UTF8*$!
{
	archiveVersion = 1;
	classes = {
	};
	objectVersion = 50;
	objects = {

/* Begin PBXBuildFile section */
		742608852431A607006C8EEA /* AppDelegate.swift in Sources */ = {isa = PBXBuildFile; fileRef = 742608842431A607006C8EEA /* AppDelegate.swift */; };
		742608872431A607006C8EEA /* SceneDelegate.swift in Sources */ = {isa = PBXBuildFile; fileRef = 742608862431A607006C8EEA /* SceneDelegate.swift */; };
		742608892431A607006C8EEA /* ContentView.swift in Sources */ = {isa = PBXBuildFile; fileRef = 742608882431A607006C8EEA /* ContentView.swift */; };
		7426088B2431A60E006C8EEA /* Assets.xcassets in Resources */ = {isa = PBXBuildFile; fileRef = 7426088A2431A60E006C8EEA /* Assets.xcassets */; };
		7426088E2431A60E006C8EEA /* Preview Assets.xcassets in Resources */ = {isa = PBXBuildFile; fileRef = 7426088D2431A60E006C8EEA /* Preview Assets.xcassets */; };
		742608912431A60E006C8EEA /* LaunchScreen.storyboard in Resources */ = {isa = PBXBuildFile; fileRef = 7426088F2431A60E006C8EEA /* LaunchScreen.storyboard */; };
		7435660E247E3E8000BF425D /* SecondView.swift in Sources */ = {isa = PBXBuildFile; fileRef = 7435660D247E3E8000BF425D /* SecondView.swift */; };
		74356610247E447500BF425D /* DetailView.swift in Sources */ = {isa = PBXBuildFile; fileRef = 7435660F247E447500BF425D /* DetailView.swift */; };
/* End PBXBuildFile section */

/* Begin PBXFileReference section */
		742608812431A607006C8EEA /* NavigationSample.app */ = {isa = PBXFileReference; explicitFileType = wrapper.application; includeInIndex = 0; path = NavigationSample.app; sourceTree = BUILT_PRODUCTS_DIR; };
		742608842431A607006C8EEA /* AppDelegate.swift */ = {isa = PBXFileReference; lastKnownFileType = sourcecode.swift; path = AppDelegate.swift; sourceTree = "<group>"; };
		742608862431A607006C8EEA /* SceneDelegate.swift */ = {isa = PBXFileReference; lastKnownFileType = sourcecode.swift; path = SceneDelegate.swift; sourceTree = "<group>"; };
		742608882431A607006C8EEA /* ContentView.swift */ = {isa = PBXFileReference; lastKnownFileType = sourcecode.swift; path = ContentView.swift; sourceTree = "<group>"; };
		7426088A2431A60E006C8EEA /* Assets.xcassets */ = {isa = PBXFileReference; lastKnownFileType = folder.assetcatalog; path = Assets.xcassets; sourceTree = "<group>"; };
		7426088D2431A60E006C8EEA /* Preview Assets.xcassets */ = {isa = PBXFileReference; lastKnownFileType = folder.assetcatalog; path = "Preview Assets.xcassets"; sourceTree = "<group>"; };
		742608902431A60E006C8EEA /* Base */ = {isa = PBXFileReference; lastKnownFileType = file.storyboard; name = Base; path = Base.lproj/LaunchScreen.storyboard; sourceTree = "<group>"; };
		742608922431A60E006C8EEA /* Info.plist */ = {isa = PBXFileReference; lastKnownFileType = text.plist.xml; path = Info.plist; sourceTree = "<group>"; };
		7435660D247E3E8000BF425D /* SecondView.swift */ = {isa = PBXFileReference; lastKnownFileType = sourcecode.swift; path = SecondView.swift; sourceTree = "<group>"; };
		7435660F247E447500BF425D /* DetailView.swift */ = {isa = PBXFileReference; lastKnownFileType = sourcecode.swift; path = DetailView.swift; sourceTree = "<group>"; };
/* End PBXFileReference section */

/* Begin PBXFrameworksBuildPhase section */
		7426087E2431A607006C8EEA /* Frameworks */ = {
			isa = PBXFrameworksBuildPhase;
			buildActionMask = 2147483647;
			files = (
			);
			runOnlyForDeploymentPostprocessing = 0;
		};
/* End PBXFrameworksBuildPhase section */

/* Begin PBXGroup section */
		742608782431A607006C8EEA = {
			isa = PBXGroup;
			children = (
				742608832431A607006C8EEA /* NavigationSample */,
				742608822431A607006C8EEA /* Products */,
			);
			sourceTree = "<group>";
		};
		742608822431A607006C8EEA /* Products */ = {
			isa = PBXGroup;
			children = (
				742608812431A607006C8EEA /* NavigationSample.app */,
			);
			name = Products;
			sourceTree = "<group>";
		};
		742608832431A607006C8EEA /* NavigationSample */ = {
			isa = PBXGroup;
			children = (
				742608842431A607006C8EEA /* AppDelegate.swift */,
				742608862431A607006C8EEA /* SceneDelegate.swift */,
				742608882431A607006C8EEA /* ContentView.swift */,
				7435660F247E447500BF425D /* DetailView.swift */,
				7435660D247E3E8000BF425D /* SecondView.swift */,
				7426088A2431A60E006C8EEA /* Assets.xcassets */,
				7426088F2431A60E006C8EEA /* LaunchScreen.storyboard */,
				742608922431A60E006C8EEA /* Info.plist */,
				7426088C2431A60E006C8EEA /* Preview Content */,
			);
			path = NavigationSample;
			sourceTree = "<group>";
		};
		7426088C2431A60E006C8EEA /* Preview Content */ = {
			isa = PBXGroup;
			children = (
				7426088D2431A60E006C8EEA /* Preview Assets.xcassets */,
			);
			path = "Preview Content";
			sourceTree = "<group>";
		};
/* End PBXGroup section */

/* Begin PBXNativeTarget section */
		742608802431A607006C8EEA /* NavigationSample */ = {
			isa = PBXNativeTarget;
			buildConfigurationList = 742608952431A60E006C8EEA /* Build configuration list for PBXNativeTarget "NavigationSample" */;
			buildPhases = (
				7426087D2431A607006C8EEA /* Sources */,
				7426087E2431A607006C8EEA /* Frameworks */,
				7426087F2431A607006C8EEA /* Resources */,
			);
			buildRules = (
			);
			dependencies = (
			);
			name = NavigationSample;
			productName = NavigationSample;
			productReference = 742608812431A607006C8EEA /* NavigationSample.app */;
			productType = "com.apple.product-type.application";
		};
/* End PBXNativeTarget section */

/* Begin PBXProject section */
		742608792431A607006C8EEA /* Project object */ = {
			isa = PBXProject;
			attributes = {
				LastSwiftUpdateCheck = 1140;
				LastUpgradeCheck = 1140;
				ORGANIZATIONNAME = "佐藤秀輔";
				TargetAttributes = {
					742608802431A607006C8EEA = {
						CreatedOnToolsVersion = 11.4;
					};
				};
			};
			buildConfigurationList = 7426087C2431A607006C8EEA /* Build configuration list for PBXProject "NavigationSample" */;
			compatibilityVersion = "Xcode 9.3";
			developmentRegion = en;
			hasScannedForEncodings = 0;
			knownRegions = (
				en,
				Base,
			);
			mainGroup = 742608782431A607006C8EEA;
			productRefGroup = 742608822431A607006C8EEA /* Products */;
			projectDirPath = "";
			projectRoot = "";
			targets = (
				742608802431A607006C8EEA /* NavigationSample */,
			);
		};
/* End PBXProject section */

/* Begin PBXResourcesBuildPhase section */
		7426087F2431A607006C8EEA /* Resources */ = {
			isa = PBXResourcesBuildPhase;
			buildActionMask = 2147483647;
			files = (
				742608912431A60E006C8EEA /* LaunchScreen.storyboard in Resources */,
				7426088E2431A60E006C8EEA /* Preview Assets.xcassets in Resources */,
				7426088B2431A60E006C8EEA /* Assets.xcassets in Resources */,
			);
			runOnlyForDeploymentPostprocessing = 0;
		};
/* End PBXResourcesBuildPhase section */

/* Begin PBXSourcesBuildPhase section */
		7426087D2431A607006C8EEA /* Sources */ = {
			isa = PBXSourcesBuildPhase;
			buildActionMask = 2147483647;
			files = (
				742608852431A607006C8EEA /* AppDelegate.swift in Sources */,
				742608872431A607006C8EEA /* SceneDelegate.swift in Sources */,
				7435660E247E3E8000BF425D /* SecondView.swift in Sources */,
				74356610247E447500BF425D /* DetailView.swift in Sources */,
				742608892431A607006C8EEA /* ContentView.swift in Sources */,
			);
			runOnlyForDeploymentPostprocessing = 0;
		};
/* End PBXSourcesBuildPhase section */

/* Begin PBXVariantGroup section */
		7426088F2431A60E006C8EEA /* LaunchScreen.storyboard */ = {
			isa = PBXVariantGroup;
			children = (
				742608902431A60E006C8EEA /* Base */,
			);
			name = LaunchScreen.storyboard;
			sourceTree = "<group>";
		};
/* End PBXVariantGroup section */

/* Begin XCBuildConfiguration section */
		742608932431A60E006C8EEA /* Debug */ = {
			isa = XCBuildConfiguration;
			buildSettings = {
				ALWAYS_SEARCH_USER_PATHS = NO;
				CLANG_ANALYZER_NONNULL = YES;
				CLANG_ANALYZER_NUMBER_OBJECT_CONVERSION = YES_AGGRESSIVE;
				CLANG_CXX_LANGUAGE_STANDARD = "gnu++14";
				CLANG_CXX_LIBRARY = "libc++";
				CLANG_ENABLE_MODULES = YES;
				CLANG_ENABLE_OBJC_ARC = YES;
				CLANG_ENABLE_OBJC_WEAK = YES;
				CLANG_WARN_BLOCK_CAPTURE_AUTORELEASING = YES;
				CLANG_WARN_BOOL_CONVERSION = YES;
				CLANG_WARN_COMMA = YES;
				CLANG_WARN_CONSTANT_CONVERSION = YES;
				CLANG_WARN_DEPRECATED_OBJC_IMPLEMENTATIONS = YES;
				CLANG_WARN_DIRECT_OBJC_ISA_USAGE = YES_ERROR;
				CLANG_WARN_DOCUMENTATION_COMMENTS = YES;
				CLANG_WARN_EMPTY_BODY = YES;
				CLANG_WARN_ENUM_CONVERSION = YES;
				CLANG_WARN_INFINITE_RECURSION = YES;
				CLANG_WARN_INT_CONVERSION = YES;
				CLANG_WARN_NON_LITERAL_NULL_CONVERSION = YES;
				CLANG_WARN_OBJC_IMPLICIT_RETAIN_SELF = YES;
				CLANG_WARN_OBJC_LITERAL_CONVERSION = YES;
				CLANG_WARN_OBJC_ROOT_CLASS = YES_ERROR;
				CLANG_WARN_RANGE_LOOP_ANALYSIS = YES;
				CLANG_WARN_STRICT_PROTOTYPES = YES;
				CLANG_WARN_SUSPICIOUS_MOVE = YES;
				CLANG_WARN_UNGUARDED_AVAILABILITY = YES_AGGRESSIVE;
				CLANG_WARN_UNREACHABLE_CODE = YES;
				CLANG_WARN__DUPLICATE_METHOD_MATCH = YES;
				COPY_PHASE_STRIP = NO;
				DEBUG_INFORMATION_FORMAT = dwarf;
				ENABLE_STRICT_OBJC_MSGSEND = YES;
				ENABLE_TESTABILITY = YES;
				GCC_C_LANGUAGE_STANDARD = gnu11;
				GCC_DYNAMIC_NO_PIC = NO;
				GCC_NO_COMMON_BLOCKS = YES;
				GCC_OPTIMIZATION_LEVEL = 0;
				GCC_PREPROCESSOR_DEFINITIONS = (
					"DEBUG=1",
					"$(inherited)",
				);
				GCC_WARN_64_TO_32_BIT_CONVERSION = YES;
				GCC_WARN_ABOUT_RETURN_TYPE = YES_ERROR;
				GCC_WARN_UNDECLARED_SELECTOR = YES;
				GCC_WARN_UNINITIALIZED_AUTOS = YES_AGGRESSIVE;
				GCC_WARN_UNUSED_FUNCTION = YES;
				GCC_WARN_UNUSED_VARIABLE = YES;
				IPHONEOS_DEPLOYMENT_TARGET = 13.4;
				MTL_ENABLE_DEBUG_INFO = INCLUDE_SOURCE;
				MTL_FAST_MATH = YES;
				ONLY_ACTIVE_ARCH = YES;
				SDKROOT = iphoneos;
				SWIFT_ACTIVE_COMPILATION_CONDITIONS = DEBUG;
				SWIFT_OPTIMIZATION_LEVEL = "-Onone";
			};
			name = Debug;
		};
		742608942431A60E006C8EEA /* Release */ = {
			isa = XCBuildConfiguration;
			buildSettings = {
				ALWAYS_SEARCH_USER_PATHS = NO;
				CLANG_ANALYZER_NONNULL = YES;
				CLANG_ANALYZER_NUMBER_OBJECT_CONVERSION = YES_AGGRESSIVE;
				CLANG_CXX_LANGUAGE_STANDARD = "gnu++14";
				CLANG_CXX_LIBRARY = "libc++";
				CLANG_ENABLE_MODULES = YES;
				CLANG_ENABLE_OBJC_ARC = YES;
				CLANG_ENABLE_OBJC_WEAK = YES;
				CLANG_WARN_BLOCK_CAPTURE_AUTORELEASING = YES;
				CLANG_WARN_BOOL_CONVERSION = YES;
				CLANG_WARN_COMMA = YES;
				CLANG_WARN_CONSTANT_CONVERSION = YES;
				CLANG_WARN_DEPRECATED_OBJC_IMPLEMENTATIONS = YES;
				CLANG_WARN_DIRECT_OBJC_ISA_USAGE = YES_ERROR;
				CLANG_WARN_DOCUMENTATION_COMMENTS = YES;
				CLANG_WARN_EMPTY_BODY = YES;
				CLANG_WARN_ENUM_CONVERSION = YES;
				CLANG_WARN_INFINITE_RECURSION = YES;
				CLANG_WARN_INT_CONVERSION = YES;
				CLANG_WARN_NON_LITERAL_NULL_CONVERSION = YES;
				CLANG_WARN_OBJC_IMPLICIT_RETAIN_SELF = YES;
				CLANG_WARN_OBJC_LITERAL_CONVERSION = YES;
				CLANG_WARN_OBJC_ROOT_CLASS = YES_ERROR;
				CLANG_WARN_RANGE_LOOP_ANALYSIS = YES;
				CLANG_WARN_STRICT_PROTOTYPES = YES;
				CLANG_WARN_SUSPICIOUS_MOVE = YES;
				CLANG_WARN_UNGUARDED_AVAILABILITY = YES_AGGRESSIVE;
				CLANG_WARN_UNREACHABLE_CODE = YES;
				CLANG_WARN__DUPLICATE_METHOD_MATCH = YES;
				COPY_PHASE_STRIP = NO;
				DEBUG_INFORMATION_FORMAT = "dwarf-with-dsym";
				ENABLE_NS_ASSERTIONS = NO;
				ENABLE_STRICT_OBJC_MSGSEND = YES;
				GCC_C_LANGUAGE_STANDARD = gnu11;
				GCC_NO_COMMON_BLOCKS = YES;
				GCC_WARN_64_TO_32_BIT_CONVERSION = YES;
				GCC_WARN_ABOUT_RETURN_TYPE = YES_ERROR;
				GCC_WARN_UNDECLARED_SELECTOR = YES;
				GCC_WARN_UNINITIALIZED_AUTOS = YES_AGGRESSIVE;
				GCC_WARN_UNUSED_FUNCTION = YES;
				GCC_WARN_UNUSED_VARIABLE = YES;
				IPHONEOS_DEPLOYMENT_TARGET = 13.4;
				MTL_ENABLE_DEBUG_INFO = NO;
				MTL_FAST_MATH = YES;
				SDKROOT = iphoneos;
				SWIFT_COMPILATION_MODE = wholemodule;
				SWIFT_OPTIMIZATION_LEVEL = "-O";
				VALIDATE_PRODUCT = YES;
			};
			name = Release;
		};
		742608962431A60E006C8EEA /* Debug */ = {
			isa = XCBuildConfiguration;
			buildSettings = {
				ASSETCATALOG_COMPILER_APPICON_NAME = AppIcon;
				CODE_SIGN_STYLE = Automatic;
				DEVELOPMENT_ASSET_PATHS = "\"NavigationSample/Preview Content\"";
				DEVELOPMENT_TEAM = 74E88WDMAH;
				ENABLE_PREVIEWS = YES;
				INFOPLIST_FILE = NavigationSample/Info.plist;
				LD_RUNPATH_SEARCH_PATHS = (
					"$(inherited)",
					"@executable_path/Frameworks",
				);
				PRODUCT_BUNDLE_IDENTIFIER = com.github.sattotto.NavigationSample;
				PRODUCT_NAME = "$(TARGET_NAME)";
				SWIFT_VERSION = 5.0;
				TARGETED_DEVICE_FAMILY = "1,2";
			};
			name = Debug;
		};
		742608972431A60E006C8EEA /* Release */ = {
			isa = XCBuildConfiguration;
			buildSettings = {
				ASSETCATALOG_COMPILER_APPICON_NAME = AppIcon;
				CODE_SIGN_STYLE = Automatic;
				DEVELOPMENT_ASSET_PATHS = "\"NavigationSample/Preview Content\"";
				DEVELOPMENT_TEAM = 74E88WDMAH;
				ENABLE_PREVIEWS = YES;
				INFOPLIST_FILE = NavigationSample/Info.plist;
				LD_RUNPATH_SEARCH_PATHS = (
					"$(inherited)",
					"@executable_path/Frameworks",
				);
				PRODUCT_BUNDLE_IDENTIFIER = com.github.sattotto.NavigationSample;
				PRODUCT_NAME = "$(TARGET_NAME)";
				SWIFT_VERSION = 5.0;
				TARGETED_DEVICE_FAMILY = "1,2";
			};
			name = Release;
		};
/* End XCBuildConfiguration section */

/* Begin XCConfigurationList section */
		7426087C2431A607006C8EEA /* Build configuration list for PBXProject "NavigationSample" */ = {
			isa = XCConfigurationList;
			buildConfigurations = (
				742608932431A60E006C8EEA /* Debug */,
				742608942431A60E006C8EEA /* Release */,
			);
			defaultConfigurationIsVisible = 0;
			defaultConfigurationName = Release;
		};
		742608952431A60E006C8EEA /* Build configuration list for PBXNativeTarget "NavigationSample" */ = {
			isa = XCConfigurationList;
			buildConfigurations = (
				742608962431A60E006C8EEA /* Debug */,
				742608972431A60E006C8EEA /* Release */,
			);
			defaultConfigurationIsVisible = 0;
			defaultConfigurationName = Release;
		};
/* End XCConfigurationList section */
	};
	rootObject = 742608792431A607006C8EEA /* Project object */;
}
