// !$*UTF8*$!
{
	archiveVersion = 1;
	classes = {
	};
	objectVersion = 50;
	objects = {

/* Begin PBXBuildFile section */
		7408F9262515FB5B002A7A29 /* AppDelegate.swift in Sources */ = {isa = PBXBuildFile; fileRef = 7408F9252515FB5B002A7A29 /* AppDelegate.swift */; };
		7408F9282515FB5B002A7A29 /* SceneDelegate.swift in Sources */ = {isa = PBXBuildFile; fileRef = 7408F9272515FB5B002A7A29 /* SceneDelegate.swift */; };
		7408F92A2515FB5B002A7A29 /* ContentView.swift in Sources */ = {isa = PBXBuildFile; fileRef = 7408F9292515FB5B002A7A29 /* ContentView.swift */; };
		7408F92C2515FB5C002A7A29 /* Assets.xcassets in Resources */ = {isa = PBXBuildFile; fileRef = 7408F92B2515FB5C002A7A29 /* Assets.xcassets */; };
		7408F92F2515FB5C002A7A29 /* Preview Assets.xcassets in Resources */ = {isa = PBXBuildFile; fileRef = 7408F92E2515FB5C002A7A29 /* Preview Assets.xcassets */; };
		7408F9322515FB5C002A7A29 /* LaunchScreen.storyboard in Resources */ = {isa = PBXBuildFile; fileRef = 7408F9302515FB5C002A7A29 /* LaunchScreen.storyboard */; };
		7408F93A2516E54A002A7A29 /* ActionSheetSample.swift in Sources */ = {isa = PBXBuildFile; fileRef = 7408F9392516E54A002A7A29 /* ActionSheetSample.swift */; };
/* End PBXBuildFile section */

/* Begin PBXFileReference section */
		7408F9222515FB5B002A7A29 /* AlertSample.app */ = {isa = PBXFileReference; explicitFileType = wrapper.application; includeInIndex = 0; path = AlertSample.app; sourceTree = BUILT_PRODUCTS_DIR; };
		7408F9252515FB5B002A7A29 /* AppDelegate.swift */ = {isa = PBXFileReference; lastKnownFileType = sourcecode.swift; path = AppDelegate.swift; sourceTree = "<group>"; };
		7408F9272515FB5B002A7A29 /* SceneDelegate.swift */ = {isa = PBXFileReference; lastKnownFileType = sourcecode.swift; path = SceneDelegate.swift; sourceTree = "<group>"; };
		7408F9292515FB5B002A7A29 /* ContentView.swift */ = {isa = PBXFileReference; lastKnownFileType = sourcecode.swift; path = ContentView.swift; sourceTree = "<group>"; };
		7408F92B2515FB5C002A7A29 /* Assets.xcassets */ = {isa = PBXFileReference; lastKnownFileType = folder.assetcatalog; path = Assets.xcassets; sourceTree = "<group>"; };
		7408F92E2515FB5C002A7A29 /* Preview Assets.xcassets */ = {isa = PBXFileReference; lastKnownFileType = folder.assetcatalog; path = "Preview Assets.xcassets"; sourceTree = "<group>"; };
		7408F9312515FB5C002A7A29 /* Base */ = {isa = PBXFileReference; lastKnownFileType = file.storyboard; name = Base; path = Base.lproj/LaunchScreen.storyboard; sourceTree = "<group>"; };
		7408F9332515FB5C002A7A29 /* Info.plist */ = {isa = PBXFileReference; lastKnownFileType = text.plist.xml; path = Info.plist; sourceTree = "<group>"; };
		7408F9392516E54A002A7A29 /* ActionSheetSample.swift */ = {isa = PBXFileReference; lastKnownFileType = sourcecode.swift; path = ActionSheetSample.swift; sourceTree = "<group>"; };
/* End PBXFileReference section */

/* Begin PBXFrameworksBuildPhase section */
		7408F91F2515FB5B002A7A29 /* Frameworks */ = {
			isa = PBXFrameworksBuildPhase;
			buildActionMask = 2147483647;
			files = (
			);
			runOnlyForDeploymentPostprocessing = 0;
		};
/* End PBXFrameworksBuildPhase section */

/* Begin PBXGroup section */
		7408F9192515FB5B002A7A29 = {
			isa = PBXGroup;
			children = (
				7408F9242515FB5B002A7A29 /* AlertSample */,
				7408F9232515FB5B002A7A29 /* Products */,
			);
			sourceTree = "<group>";
		};
		7408F9232515FB5B002A7A29 /* Products */ = {
			isa = PBXGroup;
			children = (
				7408F9222515FB5B002A7A29 /* AlertSample.app */,
			);
			name = Products;
			sourceTree = "<group>";
		};
		7408F9242515FB5B002A7A29 /* AlertSample */ = {
			isa = PBXGroup;
			children = (
				7408F9252515FB5B002A7A29 /* AppDelegate.swift */,
				7408F9392516E54A002A7A29 /* ActionSheetSample.swift */,
				7408F9272515FB5B002A7A29 /* SceneDelegate.swift */,
				7408F9292515FB5B002A7A29 /* ContentView.swift */,
				7408F92B2515FB5C002A7A29 /* Assets.xcassets */,
				7408F9302515FB5C002A7A29 /* LaunchScreen.storyboard */,
				7408F9332515FB5C002A7A29 /* Info.plist */,
				7408F92D2515FB5C002A7A29 /* Preview Content */,
			);
			path = AlertSample;
			sourceTree = "<group>";
		};
		7408F92D2515FB5C002A7A29 /* Preview Content */ = {
			isa = PBXGroup;
			children = (
				7408F92E2515FB5C002A7A29 /* Preview Assets.xcassets */,
			);
			path = "Preview Content";
			sourceTree = "<group>";
		};
/* End PBXGroup section */

/* Begin PBXNativeTarget section */
		7408F9212515FB5B002A7A29 /* AlertSample */ = {
			isa = PBXNativeTarget;
			buildConfigurationList = 7408F9362515FB5C002A7A29 /* Build configuration list for PBXNativeTarget "AlertSample" */;
			buildPhases = (
				7408F91E2515FB5B002A7A29 /* Sources */,
				7408F91F2515FB5B002A7A29 /* Frameworks */,
				7408F9202515FB5B002A7A29 /* Resources */,
			);
			buildRules = (
			);
			dependencies = (
			);
			name = AlertSample;
			productName = AlertSample;
			productReference = 7408F9222515FB5B002A7A29 /* AlertSample.app */;
			productType = "com.apple.product-type.application";
		};
/* End PBXNativeTarget section */

/* Begin PBXProject section */
		7408F91A2515FB5B002A7A29 /* Project object */ = {
			isa = PBXProject;
			attributes = {
				LastSwiftUpdateCheck = 1170;
				LastUpgradeCheck = 1170;
				ORGANIZATIONNAME = "佐藤秀輔";
				TargetAttributes = {
					7408F9212515FB5B002A7A29 = {
						CreatedOnToolsVersion = 11.7;
					};
				};
			};
			buildConfigurationList = 7408F91D2515FB5B002A7A29 /* Build configuration list for PBXProject "AlertSample" */;
			compatibilityVersion = "Xcode 9.3";
			developmentRegion = en;
			hasScannedForEncodings = 0;
			knownRegions = (
				en,
				Base,
			);
			mainGroup = 7408F9192515FB5B002A7A29;
			productRefGroup = 7408F9232515FB5B002A7A29 /* Products */;
			projectDirPath = "";
			projectRoot = "";
			targets = (
				7408F9212515FB5B002A7A29 /* AlertSample */,
			);
		};
/* End PBXProject section */

/* Begin PBXResourcesBuildPhase section */
		7408F9202515FB5B002A7A29 /* Resources */ = {
			isa = PBXResourcesBuildPhase;
			buildActionMask = 2147483647;
			files = (
				7408F9322515FB5C002A7A29 /* LaunchScreen.storyboard in Resources */,
				7408F92F2515FB5C002A7A29 /* Preview Assets.xcassets in Resources */,
				7408F92C2515FB5C002A7A29 /* Assets.xcassets in Resources */,
			);
			runOnlyForDeploymentPostprocessing = 0;
		};
/* End PBXResourcesBuildPhase section */

/* Begin PBXSourcesBuildPhase section */
		7408F91E2515FB5B002A7A29 /* Sources */ = {
			isa = PBXSourcesBuildPhase;
			buildActionMask = 2147483647;
			files = (
				7408F9262515FB5B002A7A29 /* AppDelegate.swift in Sources */,
				7408F9282515FB5B002A7A29 /* SceneDelegate.swift in Sources */,
				7408F92A2515FB5B002A7A29 /* ContentView.swift in Sources */,
				7408F93A2516E54A002A7A29 /* ActionSheetSample.swift in Sources */,
			);
			runOnlyForDeploymentPostprocessing = 0;
		};
/* End PBXSourcesBuildPhase section */

/* Begin PBXVariantGroup section */
		7408F9302515FB5C002A7A29 /* LaunchScreen.storyboard */ = {
			isa = PBXVariantGroup;
			children = (
				7408F9312515FB5C002A7A29 /* Base */,
			);
			name = LaunchScreen.storyboard;
			sourceTree = "<group>";
		};
/* End PBXVariantGroup section */

/* Begin XCBuildConfiguration section */
		7408F9342515FB5C002A7A29 /* Debug */ = {
			isa = XCBuildConfiguration;
			buildSettings = {
				ALWAYS_SEARCH_USER_PATHS = NO;
				CLANG_ANALYZER_NONNULL = YES;
				CLANG_ANALYZER_NUMBER_OBJECT_CONVERSION = YES_AGGRESSIVE;
				CLANG_CXX_LANGUAGE_STANDARD = "gnu++14";
				CLANG_CXX_LIBRARY = "libc++";
				CLANG_ENABLE_MODULES = YES;
				CLANG_ENABLE_OBJC_ARC = YES;
				CLANG_ENABLE_OBJC_WEAK = YES;
				CLANG_WARN_BLOCK_CAPTURE_AUTORELEASING = YES;
				CLANG_WARN_BOOL_CONVERSION = YES;
				CLANG_WARN_COMMA = YES;
				CLANG_WARN_CONSTANT_CONVERSION = YES;
				CLANG_WARN_DEPRECATED_OBJC_IMPLEMENTATIONS = YES;
				CLANG_WARN_DIRECT_OBJC_ISA_USAGE = YES_ERROR;
				CLANG_WARN_DOCUMENTATION_COMMENTS = YES;
				CLANG_WARN_EMPTY_BODY = YES;
				CLANG_WARN_ENUM_CONVERSION = YES;
				CLANG_WARN_INFINITE_RECURSION = YES;
				CLANG_WARN_INT_CONVERSION = YES;
				CLANG_WARN_NON_LITERAL_NULL_CONVERSION = YES;
				CLANG_WARN_OBJC_IMPLICIT_RETAIN_SELF = YES;
				CLANG_WARN_OBJC_LITERAL_CONVERSION = YES;
				CLANG_WARN_OBJC_ROOT_CLASS = YES_ERROR;
				CLANG_WARN_RANGE_LOOP_ANALYSIS = YES;
				CLANG_WARN_STRICT_PROTOTYPES = YES;
				CLANG_WARN_SUSPICIOUS_MOVE = YES;
				CLANG_WARN_UNGUARDED_AVAILABILITY = YES_AGGRESSIVE;
				CLANG_WARN_UNREACHABLE_CODE = YES;
				CLANG_WARN__DUPLICATE_METHOD_MATCH = YES;
				COPY_PHASE_STRIP = NO;
				DEBUG_INFORMATION_FORMAT = dwarf;
				ENABLE_STRICT_OBJC_MSGSEND = YES;
				ENABLE_TESTABILITY = YES;
				GCC_C_LANGUAGE_STANDARD = gnu11;
				GCC_DYNAMIC_NO_PIC = NO;
				GCC_NO_COMMON_BLOCKS = YES;
				GCC_OPTIMIZATION_LEVEL = 0;
				GCC_PREPROCESSOR_DEFINITIONS = (
					"DEBUG=1",
					"$(inherited)",
				);
				GCC_WARN_64_TO_32_BIT_CONVERSION = YES;
				GCC_WARN_ABOUT_RETURN_TYPE = YES_ERROR;
				GCC_WARN_UNDECLARED_SELECTOR = YES;
				GCC_WARN_UNINITIALIZED_AUTOS = YES_AGGRESSIVE;
				GCC_WARN_UNUSED_FUNCTION = YES;
				GCC_WARN_UNUSED_VARIABLE = YES;
				IPHONEOS_DEPLOYMENT_TARGET = 13.7;
				MTL_ENABLE_DEBUG_INFO = INCLUDE_SOURCE;
				MTL_FAST_MATH = YES;
				ONLY_ACTIVE_ARCH = YES;
				SDKROOT = iphoneos;
				SWIFT_ACTIVE_COMPILATION_CONDITIONS = DEBUG;
				SWIFT_OPTIMIZATION_LEVEL = "-Onone";
			};
			name = Debug;
		};
		7408F9352515FB5C002A7A29 /* Release */ = {
			isa = XCBuildConfiguration;
			buildSettings = {
				ALWAYS_SEARCH_USER_PATHS = NO;
				CLANG_ANALYZER_NONNULL = YES;
				CLANG_ANALYZER_NUMBER_OBJECT_CONVERSION = YES_AGGRESSIVE;
				CLANG_CXX_LANGUAGE_STANDARD = "gnu++14";
				CLANG_CXX_LIBRARY = "libc++";
				CLANG_ENABLE_MODULES = YES;
				CLANG_ENABLE_OBJC_ARC = YES;
				CLANG_ENABLE_OBJC_WEAK = YES;
				CLANG_WARN_BLOCK_CAPTURE_AUTORELEASING = YES;
				CLANG_WARN_BOOL_CONVERSION = YES;
				CLANG_WARN_COMMA = YES;
				CLANG_WARN_CONSTANT_CONVERSION = YES;
				CLANG_WARN_DEPRECATED_OBJC_IMPLEMENTATIONS = YES;
				CLANG_WARN_DIRECT_OBJC_ISA_USAGE = YES_ERROR;
				CLANG_WARN_DOCUMENTATION_COMMENTS = YES;
				CLANG_WARN_EMPTY_BODY = YES;
				CLANG_WARN_ENUM_CONVERSION = YES;
				CLANG_WARN_INFINITE_RECURSION = YES;
				CLANG_WARN_INT_CONVERSION = YES;
				CLANG_WARN_NON_LITERAL_NULL_CONVERSION = YES;
				CLANG_WARN_OBJC_IMPLICIT_RETAIN_SELF = YES;
				CLANG_WARN_OBJC_LITERAL_CONVERSION = YES;
				CLANG_WARN_OBJC_ROOT_CLASS = YES_ERROR;
				CLANG_WARN_RANGE_LOOP_ANALYSIS = YES;
				CLANG_WARN_STRICT_PROTOTYPES = YES;
				CLANG_WARN_SUSPICIOUS_MOVE = YES;
				CLANG_WARN_UNGUARDED_AVAILABILITY = YES_AGGRESSIVE;
				CLANG_WARN_UNREACHABLE_CODE = YES;
				CLANG_WARN__DUPLICATE_METHOD_MATCH = YES;
				COPY_PHASE_STRIP = NO;
				DEBUG_INFORMATION_FORMAT = "dwarf-with-dsym";
				ENABLE_NS_ASSERTIONS = NO;
				ENABLE_STRICT_OBJC_MSGSEND = YES;
				GCC_C_LANGUAGE_STANDARD = gnu11;
				GCC_NO_COMMON_BLOCKS = YES;
				GCC_WARN_64_TO_32_BIT_CONVERSION = YES;
				GCC_WARN_ABOUT_RETURN_TYPE = YES_ERROR;
				GCC_WARN_UNDECLARED_SELECTOR = YES;
				GCC_WARN_UNINITIALIZED_AUTOS = YES_AGGRESSIVE;
				GCC_WARN_UNUSED_FUNCTION = YES;
				GCC_WARN_UNUSED_VARIABLE = YES;
				IPHONEOS_DEPLOYMENT_TARGET = 13.7;
				MTL_ENABLE_DEBUG_INFO = NO;
				MTL_FAST_MATH = YES;
				SDKROOT = iphoneos;
				SWIFT_COMPILATION_MODE = wholemodule;
				SWIFT_OPTIMIZATION_LEVEL = "-O";
				VALIDATE_PRODUCT = YES;
			};
			name = Release;
		};
		7408F9372515FB5C002A7A29 /* Debug */ = {
			isa = XCBuildConfiguration;
			buildSettings = {
				ASSETCATALOG_COMPILER_APPICON_NAME = AppIcon;
				CODE_SIGN_STYLE = Automatic;
				DEVELOPMENT_ASSET_PATHS = "\"AlertSample/Preview Content\"";
				DEVELOPMENT_TEAM = 74E88WDMAH;
				ENABLE_PREVIEWS = YES;
				INFOPLIST_FILE = AlertSample/Info.plist;
				LD_RUNPATH_SEARCH_PATHS = (
					"$(inherited)",
					"@executable_path/Frameworks",
				);
				PRODUCT_BUNDLE_IDENTIFIER = com.github.satoto.AlertSample;
				PRODUCT_NAME = "$(TARGET_NAME)";
				SWIFT_VERSION = 5.0;
				TARGETED_DEVICE_FAMILY = "1,2";
			};
			name = Debug;
		};
		7408F9382515FB5C002A7A29 /* Release */ = {
			isa = XCBuildConfiguration;
			buildSettings = {
				ASSETCATALOG_COMPILER_APPICON_NAME = AppIcon;
				CODE_SIGN_STYLE = Automatic;
				DEVELOPMENT_ASSET_PATHS = "\"AlertSample/Preview Content\"";
				DEVELOPMENT_TEAM = 74E88WDMAH;
				ENABLE_PREVIEWS = YES;
				INFOPLIST_FILE = AlertSample/Info.plist;
				LD_RUNPATH_SEARCH_PATHS = (
					"$(inherited)",
					"@executable_path/Frameworks",
				);
				PRODUCT_BUNDLE_IDENTIFIER = com.github.satoto.AlertSample;
				PRODUCT_NAME = "$(TARGET_NAME)";
				SWIFT_VERSION = 5.0;
				TARGETED_DEVICE_FAMILY = "1,2";
			};
			name = Release;
		};
/* End XCBuildConfiguration section */

/* Begin XCConfigurationList section */
		7408F91D2515FB5B002A7A29 /* Build configuration list for PBXProject "AlertSample" */ = {
			isa = XCConfigurationList;
			buildConfigurations = (
				7408F9342515FB5C002A7A29 /* Debug */,
				7408F9352515FB5C002A7A29 /* Release */,
			);
			defaultConfigurationIsVisible = 0;
			defaultConfigurationName = Release;
		};
		7408F9362515FB5C002A7A29 /* Build configuration list for PBXNativeTarget "AlertSample" */ = {
			isa = XCConfigurationList;
			buildConfigurations = (
				7408F9372515FB5C002A7A29 /* Debug */,
				7408F9382515FB5C002A7A29 /* Release */,
			);
			defaultConfigurationIsVisible = 0;
			defaultConfigurationName = Release;
		};
/* End XCConfigurationList section */
	};
	rootObject = 7408F91A2515FB5B002A7A29 /* Project object */;
}
