// !$*UTF8*$!
{
	archiveVersion = 1;
	classes = {
	};
	objectVersion = 55;
	objects = {

/* Begin PBXBuildFile section */
		740EE30027324F7700B4DC21 /* AppDelegate.swift in Sources */ = {isa = PBXBuildFile; fileRef = 740EE2FF27324F7700B4DC21 /* AppDelegate.swift */; };
		740EE30227324F7700B4DC21 /* SceneDelegate.swift in Sources */ = {isa = PBXBuildFile; fileRef = 740EE30127324F7700B4DC21 /* SceneDelegate.swift */; };
		740EE30427324F7700B4DC21 /* ViewController.swift in Sources */ = {isa = PBXBuildFile; fileRef = 740EE30327324F7700B4DC21 /* ViewController.swift */; };
		740EE30727324F7700B4DC21 /* Main.storyboard in Resources */ = {isa = PBXBuildFile; fileRef = 740EE30527324F7700B4DC21 /* Main.storyboard */; };
		740EE30927324F7900B4DC21 /* Assets.xcassets in Resources */ = {isa = PBXBuildFile; fileRef = 740EE30827324F7900B4DC21 /* Assets.xcassets */; };
		740EE30C27324F7900B4DC21 /* LaunchScreen.storyboard in Resources */ = {isa = PBXBuildFile; fileRef = 740EE30A27324F7900B4DC21 /* LaunchScreen.storyboard */; };
		740EE31727324F7A00B4DC21 /* HostingViewControllerSampleTests.swift in Sources */ = {isa = PBXBuildFile; fileRef = 740EE31627324F7A00B4DC21 /* HostingViewControllerSampleTests.swift */; };
		740EE32127324F7A00B4DC21 /* HostingViewControllerSampleUITests.swift in Sources */ = {isa = PBXBuildFile; fileRef = 740EE32027324F7A00B4DC21 /* HostingViewControllerSampleUITests.swift */; };
		740EE32327324F7A00B4DC21 /* HostingViewControllerSampleUITestsLaunchTests.swift in Sources */ = {isa = PBXBuildFile; fileRef = 740EE32227324F7A00B4DC21 /* HostingViewControllerSampleUITestsLaunchTests.swift */; };
/* End PBXBuildFile section */

/* Begin PBXContainerItemProxy section */
		740EE31327324F7A00B4DC21 /* PBXContainerItemProxy */ = {
			isa = PBXContainerItemProxy;
			containerPortal = 740EE2F427324F7700B4DC21 /* Project object */;
			proxyType = 1;
			remoteGlobalIDString = 740EE2FB27324F7700B4DC21;
			remoteInfo = HostingViewControllerSample;
		};
		740EE31D27324F7A00B4DC21 /* PBXContainerItemProxy */ = {
			isa = PBXContainerItemProxy;
			containerPortal = 740EE2F427324F7700B4DC21 /* Project object */;
			proxyType = 1;
			remoteGlobalIDString = 740EE2FB27324F7700B4DC21;
			remoteInfo = HostingViewControllerSample;
		};
/* End PBXContainerItemProxy section */

/* Begin PBXFileReference section */
		740EE2FC27324F7700B4DC21 /* HostingViewControllerSample.app */ = {isa = PBXFileReference; explicitFileType = wrapper.application; includeInIndex = 0; path = HostingViewControllerSample.app; sourceTree = BUILT_PRODUCTS_DIR; };
		740EE2FF27324F7700B4DC21 /* AppDelegate.swift */ = {isa = PBXFileReference; lastKnownFileType = sourcecode.swift; path = AppDelegate.swift; sourceTree = "<group>"; };
		740EE30127324F7700B4DC21 /* SceneDelegate.swift */ = {isa = PBXFileReference; lastKnownFileType = sourcecode.swift; path = SceneDelegate.swift; sourceTree = "<group>"; };
		740EE30327324F7700B4DC21 /* ViewController.swift */ = {isa = PBXFileReference; lastKnownFileType = sourcecode.swift; path = ViewController.swift; sourceTree = "<group>"; };
		740EE30627324F7700B4DC21 /* Base */ = {isa = PBXFileReference; lastKnownFileType = file.storyboard; name = Base; path = Base.lproj/Main.storyboard; sourceTree = "<group>"; };
		740EE30827324F7900B4DC21 /* Assets.xcassets */ = {isa = PBXFileReference; lastKnownFileType = folder.assetcatalog; path = Assets.xcassets; sourceTree = "<group>"; };
		740EE30B27324F7900B4DC21 /* Base */ = {isa = PBXFileReference; lastKnownFileType = file.storyboard; name = Base; path = Base.lproj/LaunchScreen.storyboard; sourceTree = "<group>"; };
		740EE30D27324F7900B4DC21 /* Info.plist */ = {isa = PBXFileReference; lastKnownFileType = text.plist.xml; path = Info.plist; sourceTree = "<group>"; };
		740EE31227324F7A00B4DC21 /* HostingViewControllerSampleTests.xctest */ = {isa = PBXFileReference; explicitFileType = wrapper.cfbundle; includeInIndex = 0; path = HostingViewControllerSampleTests.xctest; sourceTree = BUILT_PRODUCTS_DIR; };
		740EE31627324F7A00B4DC21 /* HostingViewControllerSampleTests.swift */ = {isa = PBXFileReference; lastKnownFileType = sourcecode.swift; path = HostingViewControllerSampleTests.swift; sourceTree = "<group>"; };
		740EE31C27324F7A00B4DC21 /* HostingViewControllerSampleUITests.xctest */ = {isa = PBXFileReference; explicitFileType = wrapper.cfbundle; includeInIndex = 0; path = HostingViewControllerSampleUITests.xctest; sourceTree = BUILT_PRODUCTS_DIR; };
		740EE32027324F7A00B4DC21 /* HostingViewControllerSampleUITests.swift */ = {isa = PBXFileReference; lastKnownFileType = sourcecode.swift; path = HostingViewControllerSampleUITests.swift; sourceTree = "<group>"; };
		740EE32227324F7A00B4DC21 /* HostingViewControllerSampleUITestsLaunchTests.swift */ = {isa = PBXFileReference; lastKnownFileType = sourcecode.swift; path = HostingViewControllerSampleUITestsLaunchTests.swift; sourceTree = "<group>"; };
/* End PBXFileReference section */

/* Begin PBXFrameworksBuildPhase section */
		740EE2F927324F7700B4DC21 /* Frameworks */ = {
			isa = PBXFrameworksBuildPhase;
			buildActionMask = 2147483647;
			files = (
			);
			runOnlyForDeploymentPostprocessing = 0;
		};
		740EE30F27324F7A00B4DC21 /* Frameworks */ = {
			isa = PBXFrameworksBuildPhase;
			buildActionMask = 2147483647;
			files = (
			);
			runOnlyForDeploymentPostprocessing = 0;
		};
		740EE31927324F7A00B4DC21 /* Frameworks */ = {
			isa = PBXFrameworksBuildPhase;
			buildActionMask = 2147483647;
			files = (
			);
			runOnlyForDeploymentPostprocessing = 0;
		};
/* End PBXFrameworksBuildPhase section */

/* Begin PBXGroup section */
		740EE2F327324F7700B4DC21 = {
			isa = PBXGroup;
			children = (
				740EE2FE27324F7700B4DC21 /* HostingViewControllerSample */,
				740EE31527324F7A00B4DC21 /* HostingViewControllerSampleTests */,
				740EE31F27324F7A00B4DC21 /* HostingViewControllerSampleUITests */,
				740EE2FD27324F7700B4DC21 /* Products */,
			);
			sourceTree = "<group>";
		};
		740EE2FD27324F7700B4DC21 /* Products */ = {
			isa = PBXGroup;
			children = (
				740EE2FC27324F7700B4DC21 /* HostingViewControllerSample.app */,
				740EE31227324F7A00B4DC21 /* HostingViewControllerSampleTests.xctest */,
				740EE31C27324F7A00B4DC21 /* HostingViewControllerSampleUITests.xctest */,
			);
			name = Products;
			sourceTree = "<group>";
		};
		740EE2FE27324F7700B4DC21 /* HostingViewControllerSample */ = {
			isa = PBXGroup;
			children = (
				740EE2FF27324F7700B4DC21 /* AppDelegate.swift */,
				740EE30127324F7700B4DC21 /* SceneDelegate.swift */,
				740EE30327324F7700B4DC21 /* ViewController.swift */,
				740EE30527324F7700B4DC21 /* Main.storyboard */,
				740EE30827324F7900B4DC21 /* Assets.xcassets */,
				740EE30A27324F7900B4DC21 /* LaunchScreen.storyboard */,
				740EE30D27324F7900B4DC21 /* Info.plist */,
			);
			path = HostingViewControllerSample;
			sourceTree = "<group>";
		};
		740EE31527324F7A00B4DC21 /* HostingViewControllerSampleTests */ = {
			isa = PBXGroup;
			children = (
				740EE31627324F7A00B4DC21 /* HostingViewControllerSampleTests.swift */,
			);
			path = HostingViewControllerSampleTests;
			sourceTree = "<group>";
		};
		740EE31F27324F7A00B4DC21 /* HostingViewControllerSampleUITests */ = {
			isa = PBXGroup;
			children = (
				740EE32027324F7A00B4DC21 /* HostingViewControllerSampleUITests.swift */,
				740EE32227324F7A00B4DC21 /* HostingViewControllerSampleUITestsLaunchTests.swift */,
			);
			path = HostingViewControllerSampleUITests;
			sourceTree = "<group>";
		};
/* End PBXGroup section */

/* Begin PBXNativeTarget section */
		740EE2FB27324F7700B4DC21 /* HostingViewControllerSample */ = {
			isa = PBXNativeTarget;
			buildConfigurationList = 740EE32627324F7A00B4DC21 /* Build configuration list for PBXNativeTarget "HostingViewControllerSample" */;
			buildPhases = (
				740EE2F827324F7700B4DC21 /* Sources */,
				740EE2F927324F7700B4DC21 /* Frameworks */,
				740EE2FA27324F7700B4DC21 /* Resources */,
			);
			buildRules = (
			);
			dependencies = (
			);
			name = HostingViewControllerSample;
			productName = HostingViewControllerSample;
			productReference = 740EE2FC27324F7700B4DC21 /* HostingViewControllerSample.app */;
			productType = "com.apple.product-type.application";
		};
		740EE31127324F7A00B4DC21 /* HostingViewControllerSampleTests */ = {
			isa = PBXNativeTarget;
			buildConfigurationList = 740EE32927324F7A00B4DC21 /* Build configuration list for PBXNativeTarget "HostingViewControllerSampleTests" */;
			buildPhases = (
				740EE30E27324F7A00B4DC21 /* Sources */,
				740EE30F27324F7A00B4DC21 /* Frameworks */,
				740EE31027324F7A00B4DC21 /* Resources */,
			);
			buildRules = (
			);
			dependencies = (
				740EE31427324F7A00B4DC21 /* PBXTargetDependency */,
			);
			name = HostingViewControllerSampleTests;
			productName = HostingViewControllerSampleTests;
			productReference = 740EE31227324F7A00B4DC21 /* HostingViewControllerSampleTests.xctest */;
			productType = "com.apple.product-type.bundle.unit-test";
		};
		740EE31B27324F7A00B4DC21 /* HostingViewControllerSampleUITests */ = {
			isa = PBXNativeTarget;
			buildConfigurationList = 740EE32C27324F7A00B4DC21 /* Build configuration list for PBXNativeTarget "HostingViewControllerSampleUITests" */;
			buildPhases = (
				740EE31827324F7A00B4DC21 /* Sources */,
				740EE31927324F7A00B4DC21 /* Frameworks */,
				740EE31A27324F7A00B4DC21 /* Resources */,
			);
			buildRules = (
			);
			dependencies = (
				740EE31E27324F7A00B4DC21 /* PBXTargetDependency */,
			);
			name = HostingViewControllerSampleUITests;
			productName = HostingViewControllerSampleUITests;
			productReference = 740EE31C27324F7A00B4DC21 /* HostingViewControllerSampleUITests.xctest */;
			productType = "com.apple.product-type.bundle.ui-testing";
		};
/* End PBXNativeTarget section */

/* Begin PBXProject section */
		740EE2F427324F7700B4DC21 /* Project object */ = {
			isa = PBXProject;
			attributes = {
				BuildIndependentTargetsInParallel = 1;
				LastSwiftUpdateCheck = 1310;
				LastUpgradeCheck = 1310;
				TargetAttributes = {
					740EE2FB27324F7700B4DC21 = {
						CreatedOnToolsVersion = 13.1;
					};
					740EE31127324F7A00B4DC21 = {
						CreatedOnToolsVersion = 13.1;
						TestTargetID = 740EE2FB27324F7700B4DC21;
					};
					740EE31B27324F7A00B4DC21 = {
						CreatedOnToolsVersion = 13.1;
						TestTargetID = 740EE2FB27324F7700B4DC21;
					};
				};
			};
			buildConfigurationList = 740EE2F727324F7700B4DC21 /* Build configuration list for PBXProject "HostingViewControllerSample" */;
			compatibilityVersion = "Xcode 13.0";
			developmentRegion = en;
			hasScannedForEncodings = 0;
			knownRegions = (
				en,
				Base,
			);
			mainGroup = 740EE2F327324F7700B4DC21;
			productRefGroup = 740EE2FD27324F7700B4DC21 /* Products */;
			projectDirPath = "";
			projectRoot = "";
			targets = (
				740EE2FB27324F7700B4DC21 /* HostingViewControllerSample */,
				740EE31127324F7A00B4DC21 /* HostingViewControllerSampleTests */,
				740EE31B27324F7A00B4DC21 /* HostingViewControllerSampleUITests */,
			);
		};
/* End PBXProject section */

/* Begin PBXResourcesBuildPhase section */
		740EE2FA27324F7700B4DC21 /* Resources */ = {
			isa = PBXResourcesBuildPhase;
			buildActionMask = 2147483647;
			files = (
				740EE30C27324F7900B4DC21 /* LaunchScreen.storyboard in Resources */,
				740EE30927324F7900B4DC21 /* Assets.xcassets in Resources */,
				740EE30727324F7700B4DC21 /* Main.storyboard in Resources */,
			);
			runOnlyForDeploymentPostprocessing = 0;
		};
		740EE31027324F7A00B4DC21 /* Resources */ = {
			isa = PBXResourcesBuildPhase;
			buildActionMask = 2147483647;
			files = (
			);
			runOnlyForDeploymentPostprocessing = 0;
		};
		740EE31A27324F7A00B4DC21 /* Resources */ = {
			isa = PBXResourcesBuildPhase;
			buildActionMask = 2147483647;
			files = (
			);
			runOnlyForDeploymentPostprocessing = 0;
		};
/* End PBXResourcesBuildPhase section */

/* Begin PBXSourcesBuildPhase section */
		740EE2F827324F7700B4DC21 /* Sources */ = {
			isa = PBXSourcesBuildPhase;
			buildActionMask = 2147483647;
			files = (
				740EE30427324F7700B4DC21 /* ViewController.swift in Sources */,
				740EE30027324F7700B4DC21 /* AppDelegate.swift in Sources */,
				740EE30227324F7700B4DC21 /* SceneDelegate.swift in Sources */,
			);
			runOnlyForDeploymentPostprocessing = 0;
		};
		740EE30E27324F7A00B4DC21 /* Sources */ = {
			isa = PBXSourcesBuildPhase;
			buildActionMask = 2147483647;
			files = (
				740EE31727324F7A00B4DC21 /* HostingViewControllerSampleTests.swift in Sources */,
			);
			runOnlyForDeploymentPostprocessing = 0;
		};
		740EE31827324F7A00B4DC21 /* Sources */ = {
			isa = PBXSourcesBuildPhase;
			buildActionMask = 2147483647;
			files = (
				740EE32327324F7A00B4DC21 /* HostingViewControllerSampleUITestsLaunchTests.swift in Sources */,
				740EE32127324F7A00B4DC21 /* HostingViewControllerSampleUITests.swift in Sources */,
			);
			runOnlyForDeploymentPostprocessing = 0;
		};
/* End PBXSourcesBuildPhase section */

/* Begin PBXTargetDependency section */
		740EE31427324F7A00B4DC21 /* PBXTargetDependency */ = {
			isa = PBXTargetDependency;
			target = 740EE2FB27324F7700B4DC21 /* HostingViewControllerSample */;
			targetProxy = 740EE31327324F7A00B4DC21 /* PBXContainerItemProxy */;
		};
		740EE31E27324F7A00B4DC21 /* PBXTargetDependency */ = {
			isa = PBXTargetDependency;
			target = 740EE2FB27324F7700B4DC21 /* HostingViewControllerSample */;
			targetProxy = 740EE31D27324F7A00B4DC21 /* PBXContainerItemProxy */;
		};
/* End PBXTargetDependency section */

/* Begin PBXVariantGroup section */
		740EE30527324F7700B4DC21 /* Main.storyboard */ = {
			isa = PBXVariantGroup;
			children = (
				740EE30627324F7700B4DC21 /* Base */,
			);
			name = Main.storyboard;
			sourceTree = "<group>";
		};
		740EE30A27324F7900B4DC21 /* LaunchScreen.storyboard */ = {
			isa = PBXVariantGroup;
			children = (
				740EE30B27324F7900B4DC21 /* Base */,
			);
			name = LaunchScreen.storyboard;
			sourceTree = "<group>";
		};
/* End PBXVariantGroup section */

/* Begin XCBuildConfiguration section */
		740EE32427324F7A00B4DC21 /* Debug */ = {
			isa = XCBuildConfiguration;
			buildSettings = {
				ALWAYS_SEARCH_USER_PATHS = NO;
				CLANG_ANALYZER_NONNULL = YES;
				CLANG_ANALYZER_NUMBER_OBJECT_CONVERSION = YES_AGGRESSIVE;
				CLANG_CXX_LANGUAGE_STANDARD = "gnu++17";
				CLANG_CXX_LIBRARY = "libc++";
				CLANG_ENABLE_MODULES = YES;
				CLANG_ENABLE_OBJC_ARC = YES;
				CLANG_ENABLE_OBJC_WEAK = YES;
				CLANG_WARN_BLOCK_CAPTURE_AUTORELEASING = YES;
				CLANG_WARN_BOOL_CONVERSION = YES;
				CLANG_WARN_COMMA = YES;
				CLANG_WARN_CONSTANT_CONVERSION = YES;
				CLANG_WARN_DEPRECATED_OBJC_IMPLEMENTATIONS = YES;
				CLANG_WARN_DIRECT_OBJC_ISA_USAGE = YES_ERROR;
				CLANG_WARN_DOCUMENTATION_COMMENTS = YES;
				CLANG_WARN_EMPTY_BODY = YES;
				CLANG_WARN_ENUM_CONVERSION = YES;
				CLANG_WARN_INFINITE_RECURSION = YES;
				CLANG_WARN_INT_CONVERSION = YES;
				CLANG_WARN_NON_LITERAL_NULL_CONVERSION = YES;
				CLANG_WARN_OBJC_IMPLICIT_RETAIN_SELF = YES;
				CLANG_WARN_OBJC_LITERAL_CONVERSION = YES;
				CLANG_WARN_OBJC_ROOT_CLASS = YES_ERROR;
				CLANG_WARN_QUOTED_INCLUDE_IN_FRAMEWORK_HEADER = YES;
				CLANG_WARN_RANGE_LOOP_ANALYSIS = YES;
				CLANG_WARN_STRICT_PROTOTYPES = YES;
				CLANG_WARN_SUSPICIOUS_MOVE = YES;
				CLANG_WARN_UNGUARDED_AVAILABILITY = YES_AGGRESSIVE;
				CLANG_WARN_UNREACHABLE_CODE = YES;
				CLANG_WARN__DUPLICATE_METHOD_MATCH = YES;
				COPY_PHASE_STRIP = NO;
				DEBUG_INFORMATION_FORMAT = dwarf;
				ENABLE_STRICT_OBJC_MSGSEND = YES;
				ENABLE_TESTABILITY = YES;
				GCC_C_LANGUAGE_STANDARD = gnu11;
				GCC_DYNAMIC_NO_PIC = NO;
				GCC_NO_COMMON_BLOCKS = YES;
				GCC_OPTIMIZATION_LEVEL = 0;
				GCC_PREPROCESSOR_DEFINITIONS = (
					"DEBUG=1",
					"$(inherited)",
				);
				GCC_WARN_64_TO_32_BIT_CONVERSION = YES;
				GCC_WARN_ABOUT_RETURN_TYPE = YES_ERROR;
				GCC_WARN_UNDECLARED_SELECTOR = YES;
				GCC_WARN_UNINITIALIZED_AUTOS = YES_AGGRESSIVE;
				GCC_WARN_UNUSED_FUNCTION = YES;
				GCC_WARN_UNUSED_VARIABLE = YES;
				IPHONEOS_DEPLOYMENT_TARGET = 15.0;
				MTL_ENABLE_DEBUG_INFO = INCLUDE_SOURCE;
				MTL_FAST_MATH = YES;
				ONLY_ACTIVE_ARCH = YES;
				SDKROOT = iphoneos;
				SWIFT_ACTIVE_COMPILATION_CONDITIONS = DEBUG;
				SWIFT_OPTIMIZATION_LEVEL = "-Onone";
			};
			name = Debug;
		};
		740EE32527324F7A00B4DC21 /* Release */ = {
			isa = XCBuildConfiguration;
			buildSettings = {
				ALWAYS_SEARCH_USER_PATHS = NO;
				CLANG_ANALYZER_NONNULL = YES;
				CLANG_ANALYZER_NUMBER_OBJECT_CONVERSION = YES_AGGRESSIVE;
				CLANG_CXX_LANGUAGE_STANDARD = "gnu++17";
				CLANG_CXX_LIBRARY = "libc++";
				CLANG_ENABLE_MODULES = YES;
				CLANG_ENABLE_OBJC_ARC = YES;
				CLANG_ENABLE_OBJC_WEAK = YES;
				CLANG_WARN_BLOCK_CAPTURE_AUTORELEASING = YES;
				CLANG_WARN_BOOL_CONVERSION = YES;
				CLANG_WARN_COMMA = YES;
				CLANG_WARN_CONSTANT_CONVERSION = YES;
				CLANG_WARN_DEPRECATED_OBJC_IMPLEMENTATIONS = YES;
				CLANG_WARN_DIRECT_OBJC_ISA_USAGE = YES_ERROR;
				CLANG_WARN_DOCUMENTATION_COMMENTS = YES;
				CLANG_WARN_EMPTY_BODY = YES;
				CLANG_WARN_ENUM_CONVERSION = YES;
				CLANG_WARN_INFINITE_RECURSION = YES;
				CLANG_WARN_INT_CONVERSION = YES;
				CLANG_WARN_NON_LITERAL_NULL_CONVERSION = YES;
				CLANG_WARN_OBJC_IMPLICIT_RETAIN_SELF = YES;
				CLANG_WARN_OBJC_LITERAL_CONVERSION = YES;
				CLANG_WARN_OBJC_ROOT_CLASS = YES_ERROR;
				CLANG_WARN_QUOTED_INCLUDE_IN_FRAMEWORK_HEADER = YES;
				CLANG_WARN_RANGE_LOOP_ANALYSIS = YES;
				CLANG_WARN_STRICT_PROTOTYPES = YES;
				CLANG_WARN_SUSPICIOUS_MOVE = YES;
				CLANG_WARN_UNGUARDED_AVAILABILITY = YES_AGGRESSIVE;
				CLANG_WARN_UNREACHABLE_CODE = YES;
				CLANG_WARN__DUPLICATE_METHOD_MATCH = YES;
				COPY_PHASE_STRIP = NO;
				DEBUG_INFORMATION_FORMAT = "dwarf-with-dsym";
				ENABLE_NS_ASSERTIONS = NO;
				ENABLE_STRICT_OBJC_MSGSEND = YES;
				GCC_C_LANGUAGE_STANDARD = gnu11;
				GCC_NO_COMMON_BLOCKS = YES;
				GCC_WARN_64_TO_32_BIT_CONVERSION = YES;
				GCC_WARN_ABOUT_RETURN_TYPE = YES_ERROR;
				GCC_WARN_UNDECLARED_SELECTOR = YES;
				GCC_WARN_UNINITIALIZED_AUTOS = YES_AGGRESSIVE;
				GCC_WARN_UNUSED_FUNCTION = YES;
				GCC_WARN_UNUSED_VARIABLE = YES;
				IPHONEOS_DEPLOYMENT_TARGET = 15.0;
				MTL_ENABLE_DEBUG_INFO = NO;
				MTL_FAST_MATH = YES;
				SDKROOT = iphoneos;
				SWIFT_COMPILATION_MODE = wholemodule;
				SWIFT_OPTIMIZATION_LEVEL = "-O";
				VALIDATE_PRODUCT = YES;
			};
			name = Release;
		};
		740EE32727324F7A00B4DC21 /* Debug */ = {
			isa = XCBuildConfiguration;
			buildSettings = {
				ASSETCATALOG_COMPILER_APPICON_NAME = AppIcon;
				ASSETCATALOG_COMPILER_GLOBAL_ACCENT_COLOR_NAME = AccentColor;
				CODE_SIGN_STYLE = Automatic;
				CURRENT_PROJECT_VERSION = 1;
				DEVELOPMENT_TEAM = 74E88WDMAH;
				GENERATE_INFOPLIST_FILE = YES;
				INFOPLIST_FILE = HostingViewControllerSample/Info.plist;
				INFOPLIST_KEY_UIApplicationSupportsIndirectInputEvents = YES;
				INFOPLIST_KEY_UILaunchStoryboardName = LaunchScreen;
				INFOPLIST_KEY_UIMainStoryboardFile = Main;
				INFOPLIST_KEY_UISupportedInterfaceOrientations_iPad = "UIInterfaceOrientationPortrait UIInterfaceOrientationPortraitUpsideDown UIInterfaceOrientationLandscapeLeft UIInterfaceOrientationLandscapeRight";
				INFOPLIST_KEY_UISupportedInterfaceOrientations_iPhone = "UIInterfaceOrientationPortrait UIInterfaceOrientationLandscapeLeft UIInterfaceOrientationLandscapeRight";
				LD_RUNPATH_SEARCH_PATHS = (
					"$(inherited)",
					"@executable_path/Frameworks",
				);
				MARKETING_VERSION = 1.0;
				PRODUCT_BUNDLE_IDENTIFIER = com.github.satoto.HostingViewControllerSample;
				PRODUCT_NAME = "$(TARGET_NAME)";
				SWIFT_EMIT_LOC_STRINGS = YES;
				SWIFT_VERSION = 5.0;
				TARGETED_DEVICE_FAMILY = "1,2";
			};
			name = Debug;
		};
		740EE32827324F7A00B4DC21 /* Release */ = {
			isa = XCBuildConfiguration;
			buildSettings = {
				ASSETCATALOG_COMPILER_APPICON_NAME = AppIcon;
				ASSETCATALOG_COMPILER_GLOBAL_ACCENT_COLOR_NAME = AccentColor;
				CODE_SIGN_STYLE = Automatic;
				CURRENT_PROJECT_VERSION = 1;
				DEVELOPMENT_TEAM = 74E88WDMAH;
				GENERATE_INFOPLIST_FILE = YES;
				INFOPLIST_FILE = HostingViewControllerSample/Info.plist;
				INFOPLIST_KEY_UIApplicationSupportsIndirectInputEvents = YES;
				INFOPLIST_KEY_UILaunchStoryboardName = LaunchScreen;
				INFOPLIST_KEY_UIMainStoryboardFile = Main;
				INFOPLIST_KEY_UISupportedInterfaceOrientations_iPad = "UIInterfaceOrientationPortrait UIInterfaceOrientationPortraitUpsideDown UIInterfaceOrientationLandscapeLeft UIInterfaceOrientationLandscapeRight";
				INFOPLIST_KEY_UISupportedInterfaceOrientations_iPhone = "UIInterfaceOrientationPortrait UIInterfaceOrientationLandscapeLeft UIInterfaceOrientationLandscapeRight";
				LD_RUNPATH_SEARCH_PATHS = (
					"$(inherited)",
					"@executable_path/Frameworks",
				);
				MARKETING_VERSION = 1.0;
				PRODUCT_BUNDLE_IDENTIFIER = com.github.satoto.HostingViewControllerSample;
				PRODUCT_NAME = "$(TARGET_NAME)";
				SWIFT_EMIT_LOC_STRINGS = YES;
				SWIFT_VERSION = 5.0;
				TARGETED_DEVICE_FAMILY = "1,2";
			};
			name = Release;
		};
		740EE32A27324F7A00B4DC21 /* Debug */ = {
			isa = XCBuildConfiguration;
			buildSettings = {
				ALWAYS_EMBED_SWIFT_STANDARD_LIBRARIES = YES;
				BUNDLE_LOADER = "$(TEST_HOST)";
				CODE_SIGN_STYLE = Automatic;
				CURRENT_PROJECT_VERSION = 1;
				DEVELOPMENT_TEAM = 74E88WDMAH;
				GENERATE_INFOPLIST_FILE = YES;
				IPHONEOS_DEPLOYMENT_TARGET = 15.0;
				LD_RUNPATH_SEARCH_PATHS = (
					"$(inherited)",
					"@executable_path/Frameworks",
					"@loader_path/Frameworks",
				);
				MARKETING_VERSION = 1.0;
				PRODUCT_BUNDLE_IDENTIFIER = com.github.satoto.HostingViewControllerSampleTests;
				PRODUCT_NAME = "$(TARGET_NAME)";
				SWIFT_EMIT_LOC_STRINGS = NO;
				SWIFT_VERSION = 5.0;
				TARGETED_DEVICE_FAMILY = "1,2";
				TEST_HOST = "$(BUILT_PRODUCTS_DIR)/HostingViewControllerSample.app/HostingViewControllerSample";
			};
			name = Debug;
		};
		740EE32B27324F7A00B4DC21 /* Release */ = {
			isa = XCBuildConfiguration;
			buildSettings = {
				ALWAYS_EMBED_SWIFT_STANDARD_LIBRARIES = YES;
				BUNDLE_LOADER = "$(TEST_HOST)";
				CODE_SIGN_STYLE = Automatic;
				CURRENT_PROJECT_VERSION = 1;
				DEVELOPMENT_TEAM = 74E88WDMAH;
				GENERATE_INFOPLIST_FILE = YES;
				IPHONEOS_DEPLOYMENT_TARGET = 15.0;
				LD_RUNPATH_SEARCH_PATHS = (
					"$(inherited)",
					"@executable_path/Frameworks",
					"@loader_path/Frameworks",
				);
				MARKETING_VERSION = 1.0;
				PRODUCT_BUNDLE_IDENTIFIER = com.github.satoto.HostingViewControllerSampleTests;
				PRODUCT_NAME = "$(TARGET_NAME)";
				SWIFT_EMIT_LOC_STRINGS = NO;
				SWIFT_VERSION = 5.0;
				TARGETED_DEVICE_FAMILY = "1,2";
				TEST_HOST = "$(BUILT_PRODUCTS_DIR)/HostingViewControllerSample.app/HostingViewControllerSample";
			};
			name = Release;
		};
		740EE32D27324F7A00B4DC21 /* Debug */ = {
			isa = XCBuildConfiguration;
			buildSettings = {
				ALWAYS_EMBED_SWIFT_STANDARD_LIBRARIES = YES;
				CODE_SIGN_STYLE = Automatic;
				CURRENT_PROJECT_VERSION = 1;
				DEVELOPMENT_TEAM = 74E88WDMAH;
				GENERATE_INFOPLIST_FILE = YES;
				LD_RUNPATH_SEARCH_PATHS = (
					"$(inherited)",
					"@executable_path/Frameworks",
					"@loader_path/Frameworks",
				);
				MARKETING_VERSION = 1.0;
				PRODUCT_BUNDLE_IDENTIFIER = com.github.satoto.HostingViewControllerSampleUITests;
				PRODUCT_NAME = "$(TARGET_NAME)";
				SWIFT_EMIT_LOC_STRINGS = NO;
				SWIFT_VERSION = 5.0;
				TARGETED_DEVICE_FAMILY = "1,2";
				TEST_TARGET_NAME = HostingViewControllerSample;
			};
			name = Debug;
		};
		740EE32E27324F7A00B4DC21 /* Release */ = {
			isa = XCBuildConfiguration;
			buildSettings = {
				ALWAYS_EMBED_SWIFT_STANDARD_LIBRARIES = YES;
				CODE_SIGN_STYLE = Automatic;
				CURRENT_PROJECT_VERSION = 1;
				DEVELOPMENT_TEAM = 74E88WDMAH;
				GENERATE_INFOPLIST_FILE = YES;
				LD_RUNPATH_SEARCH_PATHS = (
					"$(inherited)",
					"@executable_path/Frameworks",
					"@loader_path/Frameworks",
				);
				MARKETING_VERSION = 1.0;
				PRODUCT_BUNDLE_IDENTIFIER = com.github.satoto.HostingViewControllerSampleUITests;
				PRODUCT_NAME = "$(TARGET_NAME)";
				SWIFT_EMIT_LOC_STRINGS = NO;
				SWIFT_VERSION = 5.0;
				TARGETED_DEVICE_FAMILY = "1,2";
				TEST_TARGET_NAME = HostingViewControllerSample;
			};
			name = Release;
		};
/* End XCBuildConfiguration section */

/* Begin XCConfigurationList section */
		740EE2F727324F7700B4DC21 /* Build configuration list for PBXProject "HostingViewControllerSample" */ = {
			isa = XCConfigurationList;
			buildConfigurations = (
				740EE32427324F7A00B4DC21 /* Debug */,
				740EE32527324F7A00B4DC21 /* Release */,
			);
			defaultConfigurationIsVisible = 0;
			defaultConfigurationName = Release;
		};
		740EE32627324F7A00B4DC21 /* Build configuration list for PBXNativeTarget "HostingViewControllerSample" */ = {
			isa = XCConfigurationList;
			buildConfigurations = (
				740EE32727324F7A00B4DC21 /* Debug */,
				740EE32827324F7A00B4DC21 /* Release */,
			);
			defaultConfigurationIsVisible = 0;
			defaultConfigurationName = Release;
		};
		740EE32927324F7A00B4DC21 /* Build configuration list for PBXNativeTarget "HostingViewControllerSampleTests" */ = {
			isa = XCConfigurationList;
			buildConfigurations = (
				740EE32A27324F7A00B4DC21 /* Debug */,
				740EE32B27324F7A00B4DC21 /* Release */,
			);
			defaultConfigurationIsVisible = 0;
			defaultConfigurationName = Release;
		};
		740EE32C27324F7A00B4DC21 /* Build configuration list for PBXNativeTarget "HostingViewControllerSampleUITests" */ = {
			isa = XCConfigurationList;
			buildConfigurations = (
				740EE32D27324F7A00B4DC21 /* Debug */,
				740EE32E27324F7A00B4DC21 /* Release */,
			);
			defaultConfigurationIsVisible = 0;
			defaultConfigurationName = Release;
		};
/* End XCConfigurationList section */
	};
	rootObject = 740EE2F427324F7700B4DC21 /* Project object */;
}
